
Microsoft Visual Studio Solution File, Format Version 11.00
# Visual Studio 2010
Project("{FAE04EC0-301F-11D3-BF4B-00C04F79EFBC}") = "Pcx", "Assembly-CSharp.csproj", "{0B328DE7-51D3-3E18-9698-3221E6F7F674}"
EndProject
Project("{FAE04EC0-301F-11D3-BF4B-00C04F79EFBC}") = "Pcx", "Assembly-CSharp-Editor.csproj", "{36B0E12A-36EB-27BF-DA71-8A109C0997CF}"
EndProject
Global
	GlobalSection(SolutionConfigurationPlatforms) = preSolution
		Debug|Any CPU = Debug|Any CPU
		Release|Any CPU = Release|Any CPU
	EndGlobalSection
	GlobalSection(ProjectConfigurationPlatforms) = postSolution
		{0B328DE7-51D3-3E18-9698-3221E6F7F674}.Debug|Any CPU.ActiveCfg = Debug|Any CPU
		{0B328DE7-51D3-3E18-9698-3221E6F7F674}.Debug|Any CPU.Build.0 = Debug|Any CPU
		{0B328DE7-51D3-3E18-9698-3221E6F7F674}.Release|Any CPU.ActiveCfg = Release|Any CPU
		{0B328DE7-51D3-3E18-9698-3221E6F7F674}.Release|Any CPU.Build.0 = Release|Any CPU
		{36B0E12A-36EB-27BF-DA71-8A109C0997CF}.Debug|Any CPU.ActiveCfg = Debug|Any CPU
		{36B0E12A-36EB-27BF-DA71-8A109C0997CF}.Debug|Any CPU.Build.0 = Debug|Any CPU
		{36B0E12A-36EB-27BF-DA71-8A109C0997CF}.Release|Any CPU.ActiveCfg = Release|Any CPU
		{36B0E12A-36EB-27BF-DA71-8A109C0997CF}.Release|Any CPU.Build.0 = Release|Any CPU
	EndGlobalSection
	GlobalSection(SolutionProperties) = preSolution
		HideSolutionNode = FALSE
	EndGlobalSection
	GlobalSection(MonoDevelopProperties) = preSolution
		StartupItem = Assembly-CSharp.csproj
	EndGlobalSection
EndGlobal
